
Microsoft Visual Studio Solution File, Format Version 12.00
# Visual Studio Version 17
VisualStudioVersion = 17.10.35013.160
MinimumVisualStudioVersion = 10.0.40219.1
Project("{8BC9CEB8-8B4A-11D0-8D11-00A0C91BC942}") = "2025_1_STL", "2025_1_STL\2025_1_STL.vcxproj", "{D8493169-4B89-461A-885E-17239397D89C}"
EndProject
Global
	GlobalSection(SolutionConfigurationPlatforms) = preSolution
		Debug|x64 = Debug|x64
		Debug|x86 = Debug|x86
		Release|x64 = Release|x64
		Release|x86 = Release|x86
	EndGlobalSection
	GlobalSection(ProjectConfigurationPlatforms) = postSolution
		{D8493169-4B89-461A-885E-17239397D89C}.Debug|x64.ActiveCfg = Debug|x64
		{D8493169-4B89-461A-885E-17239397D89C}.Debug|x64.Build.0 = Debug|x64
		{D8493169-4B89-461A-885E-17239397D89C}.Debug|x86.ActiveCfg = Debug|Win32
		{D8493169-4B89-461A-885E-17239397D89C}.Debug|x86.Build.0 = Debug|Win32
		{D8493169-4B89-461A-885E-17239397D89C}.Release|x64.ActiveCfg = Release|x64
		{D8493169-4B89-461A-885E-17239397D89C}.Release|x64.Build.0 = Release|x64
		{D8493169-4B89-461A-885E-17239397D89C}.Release|x86.ActiveCfg = Release|Win32
		{D8493169-4B89-461A-885E-17239397D89C}.Release|x86.Build.0 = Release|Win32
	EndGlobalSection
	GlobalSection(SolutionProperties) = preSolution
		HideSolutionNode = FALSE
	EndGlobalSection
	GlobalSection(ExtensibilityGlobals) = postSolution
		SolutionGuid = {4B5B2FE0-7CA0-4A8F-8DCE-50F3DDA3BE7E}
	EndGlobalSection
EndGlobal
